// !$*UTF8*$!
{
	archiveVersion = 1;
	classes = {
	};
	objectVersion = 56;
	objects = {

/* Begin PBXBuildFile section */
		76AE1E6E2C6F7F55007AF921 /* RouterSampleApp.swift in Sources */ = {isa = PBXBuildFile; fileRef = 76AE1E6D2C6F7F55007AF921 /* RouterSampleApp.swift */; };
		76AE1E722C6F7F57007AF921 /* Assets.xcassets in Resources */ = {isa = PBXBuildFile; fileRef = 76AE1E712C6F7F57007AF921 /* Assets.xcassets */; };
		76AE1E752C6F7F57007AF921 /* Preview Assets.xcassets in Resources */ = {isa = PBXBuildFile; fileRef = 76AE1E742C6F7F57007AF921 /* Preview Assets.xcassets */; };
		76AE1E7F2C6F7F58007AF921 /* RouterSampleTests.swift in Sources */ = {isa = PBXBuildFile; fileRef = 76AE1E7E2C6F7F58007AF921 /* RouterSampleTests.swift */; };
		76AE1E892C6F7F58007AF921 /* RouterSampleUITests.swift in Sources */ = {isa = PBXBuildFile; fileRef = 76AE1E882C6F7F58007AF921 /* RouterSampleUITests.swift */; };
		76AE1E8B2C6F7F58007AF921 /* RouterSampleUITestsLaunchTests.swift in Sources */ = {isa = PBXBuildFile; fileRef = 76AE1E8A2C6F7F58007AF921 /* RouterSampleUITestsLaunchTests.swift */; };
		76AE1E9B2C7019B1007AF921 /* App in Frameworks */ = {isa = PBXBuildFile; productRef = 76AE1E9A2C7019B1007AF921 /* App */; };
/* End PBXBuildFile section */

/* Begin PBXContainerItemProxy section */
		76AE1E7B2C6F7F57007AF921 /* PBXContainerItemProxy */ = {
			isa = PBXContainerItemProxy;
			containerPortal = 76AE1E622C6F7F55007AF921 /* Project object */;
			proxyType = 1;
			remoteGlobalIDString = 76AE1E692C6F7F55007AF921;
			remoteInfo = RouterSample;
		};
		76AE1E852C6F7F58007AF921 /* PBXContainerItemProxy */ = {
			isa = PBXContainerItemProxy;
			containerPortal = 76AE1E622C6F7F55007AF921 /* Project object */;
			proxyType = 1;
			remoteGlobalIDString = 76AE1E692C6F7F55007AF921;
			remoteInfo = RouterSample;
		};
/* End PBXContainerItemProxy section */

/* Begin PBXFileReference section */
		76AE1E6A2C6F7F55007AF921 /* RouterSample.app */ = {isa = PBXFileReference; explicitFileType = wrapper.application; includeInIndex = 0; path = RouterSample.app; sourceTree = BUILT_PRODUCTS_DIR; };
		76AE1E6D2C6F7F55007AF921 /* RouterSampleApp.swift */ = {isa = PBXFileReference; lastKnownFileType = sourcecode.swift; path = RouterSampleApp.swift; sourceTree = "<group>"; };
		76AE1E712C6F7F57007AF921 /* Assets.xcassets */ = {isa = PBXFileReference; lastKnownFileType = folder.assetcatalog; path = Assets.xcassets; sourceTree = "<group>"; };
		76AE1E742C6F7F57007AF921 /* Preview Assets.xcassets */ = {isa = PBXFileReference; lastKnownFileType = folder.assetcatalog; path = "Preview Assets.xcassets"; sourceTree = "<group>"; };
		76AE1E7A2C6F7F57007AF921 /* RouterSampleTests.xctest */ = {isa = PBXFileReference; explicitFileType = wrapper.cfbundle; includeInIndex = 0; path = RouterSampleTests.xctest; sourceTree = BUILT_PRODUCTS_DIR; };
		76AE1E7E2C6F7F58007AF921 /* RouterSampleTests.swift */ = {isa = PBXFileReference; lastKnownFileType = sourcecode.swift; path = RouterSampleTests.swift; sourceTree = "<group>"; };
		76AE1E842C6F7F58007AF921 /* RouterSampleUITests.xctest */ = {isa = PBXFileReference; explicitFileType = wrapper.cfbundle; includeInIndex = 0; path = RouterSampleUITests.xctest; sourceTree = BUILT_PRODUCTS_DIR; };
		76AE1E882C6F7F58007AF921 /* RouterSampleUITests.swift */ = {isa = PBXFileReference; lastKnownFileType = sourcecode.swift; path = RouterSampleUITests.swift; sourceTree = "<group>"; };
		76AE1E8A2C6F7F58007AF921 /* RouterSampleUITestsLaunchTests.swift */ = {isa = PBXFileReference; lastKnownFileType = sourcecode.swift; path = RouterSampleUITestsLaunchTests.swift; sourceTree = "<group>"; };
		76AE1E982C6F827C007AF921 /* RouterSample */ = {isa = PBXFileReference; lastKnownFileType = wrapper; name = RouterSample; path = ..; sourceTree = "<group>"; };
/* End PBXFileReference section */

/* Begin PBXFrameworksBuildPhase section */
		76AE1E672C6F7F55007AF921 /* Frameworks */ = {
			isa = PBXFrameworksBuildPhase;
			buildActionMask = 2147483647;
			files = (
				76AE1E9B2C7019B1007AF921 /* App in Frameworks */,
			);
			runOnlyForDeploymentPostprocessing = 0;
		};
		76AE1E772C6F7F57007AF921 /* Frameworks */ = {
			isa = PBXFrameworksBuildPhase;
			buildActionMask = 2147483647;
			files = (
			);
			runOnlyForDeploymentPostprocessing = 0;
		};
		76AE1E812C6F7F58007AF921 /* Frameworks */ = {
			isa = PBXFrameworksBuildPhase;
			buildActionMask = 2147483647;
			files = (
			);
			runOnlyForDeploymentPostprocessing = 0;
		};
/* End PBXFrameworksBuildPhase section */

/* Begin PBXGroup section */
		76AE1E612C6F7F55007AF921 = {
			isa = PBXGroup;
			children = (
				76AE1E982C6F827C007AF921 /* RouterSample */,
				76AE1E6C2C6F7F55007AF921 /* RouterSample */,
				76AE1E7D2C6F7F58007AF921 /* RouterSampleTests */,
				76AE1E872C6F7F58007AF921 /* RouterSampleUITests */,
				76AE1E6B2C6F7F55007AF921 /* Products */,
				76AE1E992C7019B1007AF921 /* Frameworks */,
			);
			sourceTree = "<group>";
		};
		76AE1E6B2C6F7F55007AF921 /* Products */ = {
			isa = PBXGroup;
			children = (
				76AE1E6A2C6F7F55007AF921 /* RouterSample.app */,
				76AE1E7A2C6F7F57007AF921 /* RouterSampleTests.xctest */,
				76AE1E842C6F7F58007AF921 /* RouterSampleUITests.xctest */,
			);
			name = Products;
			sourceTree = "<group>";
		};
		76AE1E6C2C6F7F55007AF921 /* RouterSample */ = {
			isa = PBXGroup;
			children = (
				76AE1E6D2C6F7F55007AF921 /* RouterSampleApp.swift */,
				76AE1E712C6F7F57007AF921 /* Assets.xcassets */,
				76AE1E732C6F7F57007AF921 /* Preview Content */,
			);
			path = RouterSample;
			sourceTree = "<group>";
		};
		76AE1E732C6F7F57007AF921 /* Preview Content */ = {
			isa = PBXGroup;
			children = (
				76AE1E742C6F7F57007AF921 /* Preview Assets.xcassets */,
			);
			path = "Preview Content";
			sourceTree = "<group>";
		};
		76AE1E7D2C6F7F58007AF921 /* RouterSampleTests */ = {
			isa = PBXGroup;
			children = (
				76AE1E7E2C6F7F58007AF921 /* RouterSampleTests.swift */,
			);
			path = RouterSampleTests;
			sourceTree = "<group>";
		};
		76AE1E872C6F7F58007AF921 /* RouterSampleUITests */ = {
			isa = PBXGroup;
			children = (
				76AE1E882C6F7F58007AF921 /* RouterSampleUITests.swift */,
				76AE1E8A2C6F7F58007AF921 /* RouterSampleUITestsLaunchTests.swift */,
			);
			path = RouterSampleUITests;
			sourceTree = "<group>";
		};
		76AE1E992C7019B1007AF921 /* Frameworks */ = {
			isa = PBXGroup;
			children = (
			);
			name = Frameworks;
			sourceTree = "<group>";
		};
/* End PBXGroup section */

/* Begin PBXNativeTarget section */
		76AE1E692C6F7F55007AF921 /* RouterSample */ = {
			isa = PBXNativeTarget;
			buildConfigurationList = 76AE1E8E2C6F7F58007AF921 /* Build configuration list for PBXNativeTarget "RouterSample" */;
			buildPhases = (
				76AE1E662C6F7F55007AF921 /* Sources */,
				76AE1E672C6F7F55007AF921 /* Frameworks */,
				76AE1E682C6F7F55007AF921 /* Resources */,
			);
			buildRules = (
			);
			dependencies = (
			);
			name = RouterSample;
			packageProductDependencies = (
				76AE1E9A2C7019B1007AF921 /* App */,
			);
			productName = RouterSample;
			productReference = 76AE1E6A2C6F7F55007AF921 /* RouterSample.app */;
			productType = "com.apple.product-type.application";
		};
		76AE1E792C6F7F57007AF921 /* RouterSampleTests */ = {
			isa = PBXNativeTarget;
			buildConfigurationList = 76AE1E912C6F7F58007AF921 /* Build configuration list for PBXNativeTarget "RouterSampleTests" */;
			buildPhases = (
				76AE1E762C6F7F57007AF921 /* Sources */,
				76AE1E772C6F7F57007AF921 /* Frameworks */,
				76AE1E782C6F7F57007AF921 /* Resources */,
			);
			buildRules = (
			);
			dependencies = (
				76AE1E7C2C6F7F57007AF921 /* PBXTargetDependency */,
			);
			name = RouterSampleTests;
			productName = RouterSampleTests;
			productReference = 76AE1E7A2C6F7F57007AF921 /* RouterSampleTests.xctest */;
			productType = "com.apple.product-type.bundle.unit-test";
		};
		76AE1E832C6F7F58007AF921 /* RouterSampleUITests */ = {
			isa = PBXNativeTarget;
			buildConfigurationList = 76AE1E942C6F7F58007AF921 /* Build configuration list for PBXNativeTarget "RouterSampleUITests" */;
			buildPhases = (
				76AE1E802C6F7F58007AF921 /* Sources */,
				76AE1E812C6F7F58007AF921 /* Frameworks */,
				76AE1E822C6F7F58007AF921 /* Resources */,
			);
			buildRules = (
			);
			dependencies = (
				76AE1E862C6F7F58007AF921 /* PBXTargetDependency */,
			);
			name = RouterSampleUITests;
			productName = RouterSampleUITests;
			productReference = 76AE1E842C6F7F58007AF921 /* RouterSampleUITests.xctest */;
			productType = "com.apple.product-type.bundle.ui-testing";
		};
/* End PBXNativeTarget section */

/* Begin PBXProject section */
		76AE1E622C6F7F55007AF921 /* Project object */ = {
			isa = PBXProject;
			attributes = {
				BuildIndependentTargetsInParallel = 1;
				LastSwiftUpdateCheck = 1520;
				LastUpgradeCheck = 1520;
				TargetAttributes = {
					76AE1E692C6F7F55007AF921 = {
						CreatedOnToolsVersion = 15.2;
					};
					76AE1E792C6F7F57007AF921 = {
						CreatedOnToolsVersion = 15.2;
						TestTargetID = 76AE1E692C6F7F55007AF921;
					};
					76AE1E832C6F7F58007AF921 = {
						CreatedOnToolsVersion = 15.2;
						TestTargetID = 76AE1E692C6F7F55007AF921;
					};
				};
			};
			buildConfigurationList = 76AE1E652C6F7F55007AF921 /* Build configuration list for PBXProject "RouterSample" */;
			compatibilityVersion = "Xcode 14.0";
			developmentRegion = en;
			hasScannedForEncodings = 0;
			knownRegions = (
				en,
				Base,
			);
			mainGroup = 76AE1E612C6F7F55007AF921;
			productRefGroup = 76AE1E6B2C6F7F55007AF921 /* Products */;
			projectDirPath = "";
			projectRoot = "";
			targets = (
				76AE1E692C6F7F55007AF921 /* RouterSample */,
				76AE1E792C6F7F57007AF921 /* RouterSampleTests */,
				76AE1E832C6F7F58007AF921 /* RouterSampleUITests */,
			);
		};
/* End PBXProject section */

/* Begin PBXResourcesBuildPhase section */
		76AE1E682C6F7F55007AF921 /* Resources */ = {
			isa = PBXResourcesBuildPhase;
			buildActionMask = 2147483647;
			files = (
				76AE1E752C6F7F57007AF921 /* Preview Assets.xcassets in Resources */,
				76AE1E722C6F7F57007AF921 /* Assets.xcassets in Resources */,
			);
			runOnlyForDeploymentPostprocessing = 0;
		};
		76AE1E782C6F7F57007AF921 /* Resources */ = {
			isa = PBXResourcesBuildPhase;
			buildActionMask = 2147483647;
			files = (
			);
			runOnlyForDeploymentPostprocessing = 0;
		};
		76AE1E822C6F7F58007AF921 /* Resources */ = {
			isa = PBXResourcesBuildPhase;
			buildActionMask = 2147483647;
			files = (
			);
			runOnlyForDeploymentPostprocessing = 0;
		};
/* End PBXResourcesBuildPhase section */

/* Begin PBXSourcesBuildPhase section */
		76AE1E662C6F7F55007AF921 /* Sources */ = {
			isa = PBXSourcesBuildPhase;
			buildActionMask = 2147483647;
			files = (
				76AE1E6E2C6F7F55007AF921 /* RouterSampleApp.swift in Sources */,
			);
			runOnlyForDeploymentPostprocessing = 0;
		};
		76AE1E762C6F7F57007AF921 /* Sources */ = {
			isa = PBXSourcesBuildPhase;
			buildActionMask = 2147483647;
			files = (
				76AE1E7F2C6F7F58007AF921 /* RouterSampleTests.swift in Sources */,
			);
			runOnlyForDeploymentPostprocessing = 0;
		};
		76AE1E802C6F7F58007AF921 /* Sources */ = {
			isa = PBXSourcesBuildPhase;
			buildActionMask = 2147483647;
			files = (
				76AE1E892C6F7F58007AF921 /* RouterSampleUITests.swift in Sources */,
				76AE1E8B2C6F7F58007AF921 /* RouterSampleUITestsLaunchTests.swift in Sources */,
			);
			runOnlyForDeploymentPostprocessing = 0;
		};
/* End PBXSourcesBuildPhase section */

/* Begin PBXTargetDependency section */
		76AE1E7C2C6F7F57007AF921 /* PBXTargetDependency */ = {
			isa = PBXTargetDependency;
			target = 76AE1E692C6F7F55007AF921 /* RouterSample */;
			targetProxy = 76AE1E7B2C6F7F57007AF921 /* PBXContainerItemProxy */;
		};
		76AE1E862C6F7F58007AF921 /* PBXTargetDependency */ = {
			isa = PBXTargetDependency;
			target = 76AE1E692C6F7F55007AF921 /* RouterSample */;
			targetProxy = 76AE1E852C6F7F58007AF921 /* PBXContainerItemProxy */;
		};
/* End PBXTargetDependency section */

/* Begin XCBuildConfiguration section */
		76AE1E8C2C6F7F58007AF921 /* Debug */ = {
			isa = XCBuildConfiguration;
			buildSettings = {
				ALWAYS_SEARCH_USER_PATHS = NO;
				ASSETCATALOG_COMPILER_GENERATE_SWIFT_ASSET_SYMBOL_EXTENSIONS = YES;
				CLANG_ANALYZER_NONNULL = YES;
				CLANG_ANALYZER_NUMBER_OBJECT_CONVERSION = YES_AGGRESSIVE;
				CLANG_CXX_LANGUAGE_STANDARD = "gnu++20";
				CLANG_ENABLE_MODULES = YES;
				CLANG_ENABLE_OBJC_ARC = YES;
				CLANG_ENABLE_OBJC_WEAK = YES;
				CLANG_WARN_BLOCK_CAPTURE_AUTORELEASING = YES;
				CLANG_WARN_BOOL_CONVERSION = YES;
				CLANG_WARN_COMMA = YES;
				CLANG_WARN_CONSTANT_CONVERSION = YES;
				CLANG_WARN_DEPRECATED_OBJC_IMPLEMENTATIONS = YES;
				CLANG_WARN_DIRECT_OBJC_ISA_USAGE = YES_ERROR;
				CLANG_WARN_DOCUMENTATION_COMMENTS = YES;
				CLANG_WARN_EMPTY_BODY = YES;
				CLANG_WARN_ENUM_CONVERSION = YES;
				CLANG_WARN_INFINITE_RECURSION = YES;
				CLANG_WARN_INT_CONVERSION = YES;
				CLANG_WARN_NON_LITERAL_NULL_CONVERSION = YES;
				CLANG_WARN_OBJC_IMPLICIT_RETAIN_SELF = YES;
				CLANG_WARN_OBJC_LITERAL_CONVERSION = YES;
				CLANG_WARN_OBJC_ROOT_CLASS = YES_ERROR;
				CLANG_WARN_QUOTED_INCLUDE_IN_FRAMEWORK_HEADER = YES;
				CLANG_WARN_RANGE_LOOP_ANALYSIS = YES;
				CLANG_WARN_STRICT_PROTOTYPES = YES;
				CLANG_WARN_SUSPICIOUS_MOVE = YES;
				CLANG_WARN_UNGUARDED_AVAILABILITY = YES_AGGRESSIVE;
				CLANG_WARN_UNREACHABLE_CODE = YES;
				CLANG_WARN__DUPLICATE_METHOD_MATCH = YES;
				COPY_PHASE_STRIP = NO;
				DEBUG_INFORMATION_FORMAT = dwarf;
				ENABLE_STRICT_OBJC_MSGSEND = YES;
				ENABLE_TESTABILITY = YES;
				ENABLE_USER_SCRIPT_SANDBOXING = YES;
				GCC_C_LANGUAGE_STANDARD = gnu17;
				GCC_DYNAMIC_NO_PIC = NO;
				GCC_NO_COMMON_BLOCKS = YES;
				GCC_OPTIMIZATION_LEVEL = 0;
				GCC_PREPROCESSOR_DEFINITIONS = (
					"DEBUG=1",
					"$(inherited)",
				);
				GCC_WARN_64_TO_32_BIT_CONVERSION = YES;
				GCC_WARN_ABOUT_RETURN_TYPE = YES_ERROR;
				GCC_WARN_UNDECLARED_SELECTOR = YES;
				GCC_WARN_UNINITIALIZED_AUTOS = YES_AGGRESSIVE;
				GCC_WARN_UNUSED_FUNCTION = YES;
				GCC_WARN_UNUSED_VARIABLE = YES;
				IPHONEOS_DEPLOYMENT_TARGET = 17.2;
				LOCALIZATION_PREFERS_STRING_CATALOGS = YES;
				MTL_ENABLE_DEBUG_INFO = INCLUDE_SOURCE;
				MTL_FAST_MATH = YES;
				ONLY_ACTIVE_ARCH = YES;
				SDKROOT = iphoneos;
				SWIFT_ACTIVE_COMPILATION_CONDITIONS = "DEBUG $(inherited)";
				SWIFT_OPTIMIZATION_LEVEL = "-Onone";
			};
			name = Debug;
		};
		76AE1E8D2C6F7F58007AF921 /* Release */ = {
			isa = XCBuildConfiguration;
			buildSettings = {
				ALWAYS_SEARCH_USER_PATHS = NO;
				ASSETCATALOG_COMPILER_GENERATE_SWIFT_ASSET_SYMBOL_EXTENSIONS = YES;
				CLANG_ANALYZER_NONNULL = YES;
				CLANG_ANALYZER_NUMBER_OBJECT_CONVERSION = YES_AGGRESSIVE;
				CLANG_CXX_LANGUAGE_STANDARD = "gnu++20";
				CLANG_ENABLE_MODULES = YES;
				CLANG_ENABLE_OBJC_ARC = YES;
				CLANG_ENABLE_OBJC_WEAK = YES;
				CLANG_WARN_BLOCK_CAPTURE_AUTORELEASING = YES;
				CLANG_WARN_BOOL_CONVERSION = YES;
				CLANG_WARN_COMMA = YES;
				CLANG_WARN_CONSTANT_CONVERSION = YES;
				CLANG_WARN_DEPRECATED_OBJC_IMPLEMENTATIONS = YES;
				CLANG_WARN_DIRECT_OBJC_ISA_USAGE = YES_ERROR;
				CLANG_WARN_DOCUMENTATION_COMMENTS = YES;
				CLANG_WARN_EMPTY_BODY = YES;
				CLANG_WARN_ENUM_CONVERSION = YES;
				CLANG_WARN_INFINITE_RECURSION = YES;
				CLANG_WARN_INT_CONVERSION = YES;
				CLANG_WARN_NON_LITERAL_NULL_CONVERSION = YES;
				CLANG_WARN_OBJC_IMPLICIT_RETAIN_SELF = YES;
				CLANG_WARN_OBJC_LITERAL_CONVERSION = YES;
				CLANG_WARN_OBJC_ROOT_CLASS = YES_ERROR;
				CLANG_WARN_QUOTED_INCLUDE_IN_FRAMEWORK_HEADER = YES;
				CLANG_WARN_RANGE_LOOP_ANALYSIS = YES;
				CLANG_WARN_STRICT_PROTOTYPES = YES;
				CLANG_WARN_SUSPICIOUS_MOVE = YES;
				CLANG_WARN_UNGUARDED_AVAILABILITY = YES_AGGRESSIVE;
				CLANG_WARN_UNREACHABLE_CODE = YES;
				CLANG_WARN__DUPLICATE_METHOD_MATCH = YES;
				COPY_PHASE_STRIP = NO;
				DEBUG_INFORMATION_FORMAT = "dwarf-with-dsym";
				ENABLE_NS_ASSERTIONS = NO;
				ENABLE_STRICT_OBJC_MSGSEND = YES;
				ENABLE_USER_SCRIPT_SANDBOXING = YES;
				GCC_C_LANGUAGE_STANDARD = gnu17;
				GCC_NO_COMMON_BLOCKS = YES;
				GCC_WARN_64_TO_32_BIT_CONVERSION = YES;
				GCC_WARN_ABOUT_RETURN_TYPE = YES_ERROR;
				GCC_WARN_UNDECLARED_SELECTOR = YES;
				GCC_WARN_UNINITIALIZED_AUTOS = YES_AGGRESSIVE;
				GCC_WARN_UNUSED_FUNCTION = YES;
				GCC_WARN_UNUSED_VARIABLE = YES;
				IPHONEOS_DEPLOYMENT_TARGET = 17.2;
				LOCALIZATION_PREFERS_STRING_CATALOGS = YES;
				MTL_ENABLE_DEBUG_INFO = NO;
				MTL_FAST_MATH = YES;
				SDKROOT = iphoneos;
				SWIFT_COMPILATION_MODE = wholemodule;
				VALIDATE_PRODUCT = YES;
			};
			name = Release;
		};
		76AE1E8F2C6F7F58007AF921 /* Debug */ = {
			isa = XCBuildConfiguration;
			buildSettings = {
				ASSETCATALOG_COMPILER_APPICON_NAME = AppIcon;
				ASSETCATALOG_COMPILER_GLOBAL_ACCENT_COLOR_NAME = AccentColor;
				CODE_SIGN_STYLE = Automatic;
				CURRENT_PROJECT_VERSION = 1;
				DEVELOPMENT_ASSET_PATHS = "\"RouterSample/Preview Content\"";
				DEVELOPMENT_TEAM = R5U4C8KFRC;
				ENABLE_PREVIEWS = YES;
				GENERATE_INFOPLIST_FILE = YES;
				INFOPLIST_KEY_UIApplicationSceneManifest_Generation = YES;
				INFOPLIST_KEY_UIApplicationSupportsIndirectInputEvents = YES;
				INFOPLIST_KEY_UILaunchScreen_Generation = YES;
				INFOPLIST_KEY_UISupportedInterfaceOrientations_iPad = "UIInterfaceOrientationPortrait UIInterfaceOrientationPortraitUpsideDown UIInterfaceOrientationLandscapeLeft UIInterfaceOrientationLandscapeRight";
				INFOPLIST_KEY_UISupportedInterfaceOrientations_iPhone = "UIInterfaceOrientationPortrait UIInterfaceOrientationLandscapeLeft UIInterfaceOrientationLandscapeRight";
				LD_RUNPATH_SEARCH_PATHS = (
					"$(inherited)",
					"@executable_path/Frameworks",
				);
				MARKETING_VERSION = 1.0;
				PRODUCT_BUNDLE_IDENTIFIER = com.engideer.RouterSample;
				PRODUCT_NAME = "$(TARGET_NAME)";
				SWIFT_EMIT_LOC_STRINGS = YES;
				SWIFT_VERSION = 5.0;
				TARGETED_DEVICE_FAMILY = "1,2";
			};
			name = Debug;
		};
		76AE1E902C6F7F58007AF921 /* Release */ = {
			isa = XCBuildConfiguration;
			buildSettings = {
				ASSETCATALOG_COMPILER_APPICON_NAME = AppIcon;
				ASSETCATALOG_COMPILER_GLOBAL_ACCENT_COLOR_NAME = AccentColor;
				CODE_SIGN_STYLE = Automatic;
				CURRENT_PROJECT_VERSION = 1;
				DEVELOPMENT_ASSET_PATHS = "\"RouterSample/Preview Content\"";
				DEVELOPMENT_TEAM = R5U4C8KFRC;
				ENABLE_PREVIEWS = YES;
				GENERATE_INFOPLIST_FILE = YES;
				INFOPLIST_KEY_UIApplicationSceneManifest_Generation = YES;
				INFOPLIST_KEY_UIApplicationSupportsIndirectInputEvents = YES;
				INFOPLIST_KEY_UILaunchScreen_Generation = YES;
				INFOPLIST_KEY_UISupportedInterfaceOrientations_iPad = "UIInterfaceOrientationPortrait UIInterfaceOrientationPortraitUpsideDown UIInterfaceOrientationLandscapeLeft UIInterfaceOrientationLandscapeRight";
				INFOPLIST_KEY_UISupportedInterfaceOrientations_iPhone = "UIInterfaceOrientationPortrait UIInterfaceOrientationLandscapeLeft UIInterfaceOrientationLandscapeRight";
				LD_RUNPATH_SEARCH_PATHS = (
					"$(inherited)",
					"@executable_path/Frameworks",
				);
				MARKETING_VERSION = 1.0;
				PRODUCT_BUNDLE_IDENTIFIER = com.engideer.RouterSample;
				PRODUCT_NAME = "$(TARGET_NAME)";
				SWIFT_EMIT_LOC_STRINGS = YES;
				SWIFT_VERSION = 5.0;
				TARGETED_DEVICE_FAMILY = "1,2";
			};
			name = Release;
		};
		76AE1E922C6F7F58007AF921 /* Debug */ = {
			isa = XCBuildConfiguration;
			buildSettings = {
				ALWAYS_EMBED_SWIFT_STANDARD_LIBRARIES = YES;
				BUNDLE_LOADER = "$(TEST_HOST)";
				CODE_SIGN_STYLE = Automatic;
				CURRENT_PROJECT_VERSION = 1;
				DEVELOPMENT_TEAM = R5U4C8KFRC;
				GENERATE_INFOPLIST_FILE = YES;
				IPHONEOS_DEPLOYMENT_TARGET = 17.2;
				MARKETING_VERSION = 1.0;
				PRODUCT_BUNDLE_IDENTIFIER = com.engideer.RouterSampleTests;
				PRODUCT_NAME = "$(TARGET_NAME)";
				SWIFT_EMIT_LOC_STRINGS = NO;
				SWIFT_VERSION = 5.0;
				TARGETED_DEVICE_FAMILY = "1,2";
				TEST_HOST = "$(BUILT_PRODUCTS_DIR)/RouterSample.app/$(BUNDLE_EXECUTABLE_FOLDER_PATH)/RouterSample";
			};
			name = Debug;
		};
		76AE1E932C6F7F58007AF921 /* Release */ = {
			isa = XCBuildConfiguration;
			buildSettings = {
				ALWAYS_EMBED_SWIFT_STANDARD_LIBRARIES = YES;
				BUNDLE_LOADER = "$(TEST_HOST)";
				CODE_SIGN_STYLE = Automatic;
				CURRENT_PROJECT_VERSION = 1;
				DEVELOPMENT_TEAM = R5U4C8KFRC;
				GENERATE_INFOPLIST_FILE = YES;
				IPHONEOS_DEPLOYMENT_TARGET = 17.2;
				MARKETING_VERSION = 1.0;
				PRODUCT_BUNDLE_IDENTIFIER = com.engideer.RouterSampleTests;
				PRODUCT_NAME = "$(TARGET_NAME)";
				SWIFT_EMIT_LOC_STRINGS = NO;
				SWIFT_VERSION = 5.0;
				TARGETED_DEVICE_FAMILY = "1,2";
				TEST_HOST = "$(BUILT_PRODUCTS_DIR)/RouterSample.app/$(BUNDLE_EXECUTABLE_FOLDER_PATH)/RouterSample";
			};
			name = Release;
		};
		76AE1E952C6F7F58007AF921 /* Debug */ = {
			isa = XCBuildConfiguration;
			buildSettings = {
				ALWAYS_EMBED_SWIFT_STANDARD_LIBRARIES = YES;
				CODE_SIGN_STYLE = Automatic;
				CURRENT_PROJECT_VERSION = 1;
				DEVELOPMENT_TEAM = R5U4C8KFRC;
				GENERATE_INFOPLIST_FILE = YES;
				MARKETING_VERSION = 1.0;
				PRODUCT_BUNDLE_IDENTIFIER = com.engideer.RouterSampleUITests;
				PRODUCT_NAME = "$(TARGET_NAME)";
				SWIFT_EMIT_LOC_STRINGS = NO;
				SWIFT_VERSION = 5.0;
				TARGETED_DEVICE_FAMILY = "1,2";
				TEST_TARGET_NAME = RouterSample;
			};
			name = Debug;
		};
		76AE1E962C6F7F58007AF921 /* Release */ = {
			isa = XCBuildConfiguration;
			buildSettings = {
				ALWAYS_EMBED_SWIFT_STANDARD_LIBRARIES = YES;
				CODE_SIGN_STYLE = Automatic;
				CURRENT_PROJECT_VERSION = 1;
				DEVELOPMENT_TEAM = R5U4C8KFRC;
				GENERATE_INFOPLIST_FILE = YES;
				MARKETING_VERSION = 1.0;
				PRODUCT_BUNDLE_IDENTIFIER = com.engideer.RouterSampleUITests;
				PRODUCT_NAME = "$(TARGET_NAME)";
				SWIFT_EMIT_LOC_STRINGS = NO;
				SWIFT_VERSION = 5.0;
				TARGETED_DEVICE_FAMILY = "1,2";
				TEST_TARGET_NAME = RouterSample;
			};
			name = Release;
		};
/* End XCBuildConfiguration section */

/* Begin XCConfigurationList section */
		76AE1E652C6F7F55007AF921 /* Build configuration list for PBXProject "RouterSample" */ = {
			isa = XCConfigurationList;
			buildConfigurations = (
				76AE1E8C2C6F7F58007AF921 /* Debug */,
				76AE1E8D2C6F7F58007AF921 /* Release */,
			);
			defaultConfigurationIsVisible = 0;
			defaultConfigurationName = Release;
		};
		76AE1E8E2C6F7F58007AF921 /* Build configuration list for PBXNativeTarget "RouterSample" */ = {
			isa = XCConfigurationList;
			buildConfigurations = (
				76AE1E8F2C6F7F58007AF921 /* Debug */,
				76AE1E902C6F7F58007AF921 /* Release */,
			);
			defaultConfigurationIsVisible = 0;
			defaultConfigurationName = Release;
		};
		76AE1E912C6F7F58007AF921 /* Build configuration list for PBXNativeTarget "RouterSampleTests" */ = {
			isa = XCConfigurationList;
			buildConfigurations = (
				76AE1E922C6F7F58007AF921 /* Debug */,
				76AE1E932C6F7F58007AF921 /* Release */,
			);
			defaultConfigurationIsVisible = 0;
			defaultConfigurationName = Release;
		};
		76AE1E942C6F7F58007AF921 /* Build configuration list for PBXNativeTarget "RouterSampleUITests" */ = {
			isa = XCConfigurationList;
			buildConfigurations = (
				76AE1E952C6F7F58007AF921 /* Debug */,
				76AE1E962C6F7F58007AF921 /* Release */,
			);
			defaultConfigurationIsVisible = 0;
			defaultConfigurationName = Release;
		};
/* End XCConfigurationList section */

/* Begin XCSwiftPackageProductDependency section */
		76AE1E9A2C7019B1007AF921 /* App */ = {
			isa = XCSwiftPackageProductDependency;
			productName = App;
		};
/* End XCSwiftPackageProductDependency section */
	};
	rootObject = 76AE1E622C6F7F55007AF921 /* Project object */;
}
